
Microsoft Visual Studio Solution File, Format Version 12.00
# Visual Studio Version 17
VisualStudioVersion = 17.14.37027.9 d17.14
MinimumVisualStudioVersion = 10.0.40219.1
Project("{FAE04EC0-301F-11D3-BF4B-00C04F79EFBC}") = "Lab01", "Lab01.csproj", "{46270E6C-06F0-4602-BB13-E61FBD634543}"
EndProject
Global
	GlobalSection(SolutionConfigurationPlatforms) = preSolution
		Debug|Any CPU = Debug|Any CPU
		Release|Any CPU = Release|Any CPU
	EndGlobalSection
	GlobalSection(ProjectConfigurationPlatforms) = postSolution
		{46270E6C-06F0-4602-BB13-E61FBD634543}.Debug|Any CPU.ActiveCfg = Debug|Any CPU
		{46270E6C-06F0-4602-BB13-E61FBD634543}.Debug|Any CPU.Build.0 = Debug|Any CPU
		{46270E6C-06F0-4602-BB13-E61FBD634543}.Release|Any CPU.ActiveCfg = Release|Any CPU
		{46270E6C-06F0-4602-BB13-E61FBD634543}.Release|Any CPU.Build.0 = Release|Any CPU
	EndGlobalSection
	GlobalSection(SolutionProperties) = preSolution
		HideSolutionNode = FALSE
	EndGlobalSection
	GlobalSection(ExtensibilityGlobals) = postSolution
		SolutionGuid = {39B7022D-0793-4F69-9317-603CB4109C86}
	EndGlobalSection
EndGlobal
