
Microsoft Visual Studio Solution File, Format Version 12.00
# Visual Studio Version 17
VisualStudioVersion = 17.14.37027.9
MinimumVisualStudioVersion = 10.0.40219.1
Project("{FAE04EC0-301F-11D3-BF4B-00C04F79EFBC}") = "Util", "Util\Util.csproj", "{AEAC120B-24FF-4721-BF18-7F1DAC383857}"
EndProject
Project("{FAE04EC0-301F-11D3-BF4B-00C04F79EFBC}") = "Windows", "Windows\Windows.csproj", "{C351D687-D6F2-475C-AE62-12E03E4CAB02}"
EndProject
Project("{FAE04EC0-301F-11D3-BF4B-00C04F79EFBC}") = "Console", "Console\Console.csproj", "{7A3FCEBB-AEDB-462F-85FC-A3ACF8F360B0}"
EndProject
Project("{FAE04EC0-301F-11D3-BF4B-00C04F79EFBC}") = "Web", "Web\Web.csproj", "{347AA84C-BA2B-402A-896E-57F463E42A43}"
EndProject
Global
	GlobalSection(SolutionConfigurationPlatforms) = preSolution
		Debug|Any CPU = Debug|Any CPU
		Release|Any CPU = Release|Any CPU
	EndGlobalSection
	GlobalSection(ProjectConfigurationPlatforms) = postSolution
		{AEAC120B-24FF-4721-BF18-7F1DAC383857}.Debug|Any CPU.ActiveCfg = Debug|Any CPU
		{AEAC120B-24FF-4721-BF18-7F1DAC383857}.Debug|Any CPU.Build.0 = Debug|Any CPU
		{AEAC120B-24FF-4721-BF18-7F1DAC383857}.Release|Any CPU.ActiveCfg = Release|Any CPU
		{AEAC120B-24FF-4721-BF18-7F1DAC383857}.Release|Any CPU.Build.0 = Release|Any CPU
		{C351D687-D6F2-475C-AE62-12E03E4CAB02}.Debug|Any CPU.ActiveCfg = Debug|Any CPU
		{C351D687-D6F2-475C-AE62-12E03E4CAB02}.Debug|Any CPU.Build.0 = Debug|Any CPU
		{C351D687-D6F2-475C-AE62-12E03E4CAB02}.Release|Any CPU.ActiveCfg = Release|Any CPU
		{C351D687-D6F2-475C-AE62-12E03E4CAB02}.Release|Any CPU.Build.0 = Release|Any CPU
		{7A3FCEBB-AEDB-462F-85FC-A3ACF8F360B0}.Debug|Any CPU.ActiveCfg = Debug|Any CPU
		{7A3FCEBB-AEDB-462F-85FC-A3ACF8F360B0}.Debug|Any CPU.Build.0 = Debug|Any CPU
		{7A3FCEBB-AEDB-462F-85FC-A3ACF8F360B0}.Release|Any CPU.ActiveCfg = Release|Any CPU
		{7A3FCEBB-AEDB-462F-85FC-A3ACF8F360B0}.Release|Any CPU.Build.0 = Release|Any CPU
		{347AA84C-BA2B-402A-896E-57F463E42A43}.Debug|Any CPU.ActiveCfg = Debug|Any CPU
		{347AA84C-BA2B-402A-896E-57F463E42A43}.Debug|Any CPU.Build.0 = Debug|Any CPU
		{347AA84C-BA2B-402A-896E-57F463E42A43}.Release|Any CPU.ActiveCfg = Release|Any CPU
		{347AA84C-BA2B-402A-896E-57F463E42A43}.Release|Any CPU.Build.0 = Release|Any CPU
	EndGlobalSection
	GlobalSection(SolutionProperties) = preSolution
		HideSolutionNode = FALSE
	EndGlobalSection
	GlobalSection(ExtensibilityGlobals) = postSolution
		SolutionGuid = {AC2E408F-BDFF-4933-84D3-E319DD7C51CB}
	EndGlobalSection
EndGlobal
