
Microsoft Visual Studio Solution File, Format Version 12.00
# Visual Studio Version 17
VisualStudioVersion = 17.14.37027.9 d17.14
MinimumVisualStudioVersion = 10.0.40219.1
Project("{FAE04EC0-301F-11D3-BF4B-00C04F79EFBC}") = "Lab02", "Lab02.csproj", "{2CA69B5A-7736-4B8B-89C9-DF33E6CF5B4C}"
EndProject
Global
	GlobalSection(SolutionConfigurationPlatforms) = preSolution
		Debug|Any CPU = Debug|Any CPU
		Release|Any CPU = Release|Any CPU
	EndGlobalSection
	GlobalSection(ProjectConfigurationPlatforms) = postSolution
		{2CA69B5A-7736-4B8B-89C9-DF33E6CF5B4C}.Debug|Any CPU.ActiveCfg = Debug|Any CPU
		{2CA69B5A-7736-4B8B-89C9-DF33E6CF5B4C}.Debug|Any CPU.Build.0 = Debug|Any CPU
		{2CA69B5A-7736-4B8B-89C9-DF33E6CF5B4C}.Release|Any CPU.ActiveCfg = Release|Any CPU
		{2CA69B5A-7736-4B8B-89C9-DF33E6CF5B4C}.Release|Any CPU.Build.0 = Release|Any CPU
	EndGlobalSection
	GlobalSection(SolutionProperties) = preSolution
		HideSolutionNode = FALSE
	EndGlobalSection
	GlobalSection(ExtensibilityGlobals) = postSolution
		SolutionGuid = {0F04F58C-4504-4623-A745-8ECB9179760F}
	EndGlobalSection
EndGlobal
